// !$*UTF8*$!
{
	archiveVersion = 1;
	classes = {
	};
	objectVersion = 46;
	objects = {

/* Begin PBXBuildFile section */
		10F4F74F1D2502DB003713C3 /* Main.storyboard in Resources */ = {isa = PBXBuildFile; fileRef = 10F4F74E1D2502DB003713C3 /* Main.storyboard */; };
		10F4F7551D250346003713C3 /* AppDelegate.swift in Sources */ = {isa = PBXBuildFile; fileRef = 10F4F7511D250346003713C3 /* AppDelegate.swift */; };
		10F4F7561D250346003713C3 /* SideViewController.swift in Sources */ = {isa = PBXBuildFile; fileRef = 10F4F7521D250346003713C3 /* SideViewController.swift */; };
		10F4F7571D250346003713C3 /* ViewController.swift in Sources */ = {isa = PBXBuildFile; fileRef = 10F4F7531D250346003713C3 /* ViewController.swift */; };
		10F4F7581D250346003713C3 /* ViewController2.swift in Sources */ = {isa = PBXBuildFile; fileRef = 10F4F7541D250346003713C3 /* ViewController2.swift */; };
		5304EAB0A67AE5AC9ED53DAC /* Pods_iOS_Example.framework in Frameworks */ = {isa = PBXBuildFile; fileRef = F1B973D9C7E5D8078479027E /* Pods_iOS_Example.framework */; };
		C0E8277DE718B661F5F3F5CA /* Pods_Tests.framework in Frameworks */ = {isa = PBXBuildFile; fileRef = A333AB6E21B461DE79391423 /* Pods_Tests.framework */; };
		D904BBC31CDD3F170083BD78 /* Tests.swift in Sources */ = {isa = PBXBuildFile; fileRef = D904BBC21CDD3F170083BD78 /* Tests.swift */; };
		D94BE1C21CCEBF2C0042282A /* Main.storyboard in Resources */ = {isa = PBXBuildFile; fileRef = D94BE1C01CCEBF2C0042282A /* Main.storyboard */; };
		D94BE1C41CCEBF2C0042282A /* Assets.xcassets in Resources */ = {isa = PBXBuildFile; fileRef = D94BE1C31CCEBF2C0042282A /* Assets.xcassets */; };
		D99B39051CD68FF400E56AE2 /* SidePanel.framework in Frameworks */ = {isa = PBXBuildFile; fileRef = D99B39011CD68FD900E56AE2 /* SidePanel.framework */; };
		D99B39091CD6907300E56AE2 /* SidePanel.framework in Copy Frameworks */ = {isa = PBXBuildFile; fileRef = D99B39011CD68FD900E56AE2 /* SidePanel.framework */; settings = {ATTRIBUTES = (CodeSignOnCopy, RemoveHeadersOnCopy, ); }; };
		D9CBAE971CCEC4ED006EC128 /* Launch Screen.storyboard in Resources */ = {isa = PBXBuildFile; fileRef = D9CBAE961CCEC4ED006EC128 /* Launch Screen.storyboard */; };
/* End PBXBuildFile section */

/* Begin PBXContainerItemProxy section */
		D904BBC51CDD3F170083BD78 /* PBXContainerItemProxy */ = {
			isa = PBXContainerItemProxy;
			containerPortal = D94BE1B11CCEBF2C0042282A /* Project object */;
			proxyType = 1;
			remoteGlobalIDString = D94BE1B81CCEBF2C0042282A;
			remoteInfo = "iOS Example";
		};
		D99B39001CD68FD900E56AE2 /* PBXContainerItemProxy */ = {
			isa = PBXContainerItemProxy;
			containerPortal = D99B38FB1CD68FD900E56AE2 /* SidePanel.xcodeproj */;
			proxyType = 2;
			remoteGlobalIDString = D9FEF4B41CCEBC0D0013FBDD;
			remoteInfo = SidePanel;
		};
		D99B39021CD68FD900E56AE2 /* PBXContainerItemProxy */ = {
			isa = PBXContainerItemProxy;
			containerPortal = D99B38FB1CD68FD900E56AE2 /* SidePanel.xcodeproj */;
			proxyType = 2;
			remoteGlobalIDString = D9FEF4BE1CCEBC0F0013FBDD;
			remoteInfo = SidePanelTests;
		};
		D99B39061CD6903C00E56AE2 /* PBXContainerItemProxy */ = {
			isa = PBXContainerItemProxy;
			containerPortal = D99B38FB1CD68FD900E56AE2 /* SidePanel.xcodeproj */;
			proxyType = 1;
			remoteGlobalIDString = D9FEF4B31CCEBC0D0013FBDD;
			remoteInfo = SidePanel;
		};
/* End PBXContainerItemProxy section */

/* Begin PBXCopyFilesBuildPhase section */
		D99B39081CD6904E00E56AE2 /* Copy Frameworks */ = {
			isa = PBXCopyFilesBuildPhase;
			buildActionMask = 2147483647;
			dstPath = "";
			dstSubfolderSpec = 10;
			files = (
				D99B39091CD6907300E56AE2 /* SidePanel.framework in Copy Frameworks */,
			);
			name = "Copy Frameworks";
			runOnlyForDeploymentPostprocessing = 0;
		};
/* End PBXCopyFilesBuildPhase section */

/* Begin PBXFileReference section */
		10F4F74E1D2502DB003713C3 /* Main.storyboard */ = {isa = PBXFileReference; fileEncoding = 4; lastKnownFileType = file.storyboard; path = Main.storyboard; sourceTree = "<group>"; };
		10F4F7511D250346003713C3 /* AppDelegate.swift */ = {isa = PBXFileReference; fileEncoding = 4; lastKnownFileType = sourcecode.swift; path = AppDelegate.swift; sourceTree = "<group>"; };
		10F4F7521D250346003713C3 /* SideViewController.swift */ = {isa = PBXFileReference; fileEncoding = 4; lastKnownFileType = sourcecode.swift; path = SideViewController.swift; sourceTree = "<group>"; };
		10F4F7531D250346003713C3 /* ViewController.swift */ = {isa = PBXFileReference; fileEncoding = 4; lastKnownFileType = sourcecode.swift; path = ViewController.swift; sourceTree = "<group>"; };
		10F4F7541D250346003713C3 /* ViewController2.swift */ = {isa = PBXFileReference; fileEncoding = 4; lastKnownFileType = sourcecode.swift; path = ViewController2.swift; sourceTree = "<group>"; };
		21F45F5E3CBC996F47165915 /* Pods-iOS Example.release.xcconfig */ = {isa = PBXFileReference; includeInIndex = 1; lastKnownFileType = text.xcconfig; name = "Pods-iOS Example.release.xcconfig"; path = "Pods/Target Support Files/Pods-iOS Example/Pods-iOS Example.release.xcconfig"; sourceTree = "<group>"; };
		3269085B1DD901A8692D9567 /* Pods-Tests.debug.xcconfig */ = {isa = PBXFileReference; includeInIndex = 1; lastKnownFileType = text.xcconfig; name = "Pods-Tests.debug.xcconfig"; path = "Pods/Target Support Files/Pods-Tests/Pods-Tests.debug.xcconfig"; sourceTree = "<group>"; };
		74A097B46CE1893FF0F68753 /* Pods-iOS Example.debug.xcconfig */ = {isa = PBXFileReference; includeInIndex = 1; lastKnownFileType = text.xcconfig; name = "Pods-iOS Example.debug.xcconfig"; path = "Pods/Target Support Files/Pods-iOS Example/Pods-iOS Example.debug.xcconfig"; sourceTree = "<group>"; };
		979ECDE376277ECE88BAE99D /* Pods-Tests.release.xcconfig */ = {isa = PBXFileReference; includeInIndex = 1; lastKnownFileType = text.xcconfig; name = "Pods-Tests.release.xcconfig"; path = "Pods/Target Support Files/Pods-Tests/Pods-Tests.release.xcconfig"; sourceTree = "<group>"; };
		A333AB6E21B461DE79391423 /* Pods_Tests.framework */ = {isa = PBXFileReference; explicitFileType = wrapper.framework; includeInIndex = 0; path = Pods_Tests.framework; sourceTree = BUILT_PRODUCTS_DIR; };
		D904BBC01CDD3F170083BD78 /* Tests.xctest */ = {isa = PBXFileReference; explicitFileType = wrapper.cfbundle; includeInIndex = 0; path = Tests.xctest; sourceTree = BUILT_PRODUCTS_DIR; };
		D904BBC21CDD3F170083BD78 /* Tests.swift */ = {isa = PBXFileReference; lastKnownFileType = sourcecode.swift; path = Tests.swift; sourceTree = "<group>"; };
		D904BBC41CDD3F170083BD78 /* Info.plist */ = {isa = PBXFileReference; lastKnownFileType = text.plist.xml; path = Info.plist; sourceTree = "<group>"; };
		D94BE1B91CCEBF2C0042282A /* iOS Example.app */ = {isa = PBXFileReference; explicitFileType = wrapper.application; includeInIndex = 0; path = "iOS Example.app"; sourceTree = BUILT_PRODUCTS_DIR; };
		D94BE1C11CCEBF2C0042282A /* Base */ = {isa = PBXFileReference; lastKnownFileType = file.storyboard; name = Base; path = Base.lproj/Main.storyboard; sourceTree = "<group>"; };
		D94BE1C31CCEBF2C0042282A /* Assets.xcassets */ = {isa = PBXFileReference; lastKnownFileType = folder.assetcatalog; path = Assets.xcassets; sourceTree = "<group>"; };
		D94BE1C81CCEBF2C0042282A /* Info.plist */ = {isa = PBXFileReference; lastKnownFileType = text.plist.xml; path = Info.plist; sourceTree = "<group>"; };
		D99B38FB1CD68FD900E56AE2 /* SidePanel.xcodeproj */ = {isa = PBXFileReference; lastKnownFileType = "wrapper.pb-project"; name = SidePanel.xcodeproj; path = ../SidePanel.xcodeproj; sourceTree = "<group>"; };
		D9CBAE961CCEC4ED006EC128 /* Launch Screen.storyboard */ = {isa = PBXFileReference; fileEncoding = 4; lastKnownFileType = file.storyboard; name = "Launch Screen.storyboard"; path = "Base.lproj/Launch Screen.storyboard"; sourceTree = "<group>"; };
		F1B973D9C7E5D8078479027E /* Pods_iOS_Example.framework */ = {isa = PBXFileReference; explicitFileType = wrapper.framework; includeInIndex = 0; path = Pods_iOS_Example.framework; sourceTree = BUILT_PRODUCTS_DIR; };
/* End PBXFileReference section */

/* Begin PBXFrameworksBuildPhase section */
		D904BBBD1CDD3F170083BD78 /* Frameworks */ = {
			isa = PBXFrameworksBuildPhase;
			buildActionMask = 2147483647;
			files = (
				C0E8277DE718B661F5F3F5CA /* Pods_Tests.framework in Frameworks */,
			);
			runOnlyForDeploymentPostprocessing = 0;
		};
		D94BE1B61CCEBF2C0042282A /* Frameworks */ = {
			isa = PBXFrameworksBuildPhase;
			buildActionMask = 2147483647;
			files = (
				D99B39051CD68FF400E56AE2 /* SidePanel.framework in Frameworks */,
				5304EAB0A67AE5AC9ED53DAC /* Pods_iOS_Example.framework in Frameworks */,
			);
			runOnlyForDeploymentPostprocessing = 0;
		};
/* End PBXFrameworksBuildPhase section */

/* Begin PBXGroup section */
		150085FEBD8A25341890F6E9 /* Frameworks */ = {
			isa = PBXGroup;
			children = (
				A333AB6E21B461DE79391423 /* Pods_Tests.framework */,
				F1B973D9C7E5D8078479027E /* Pods_iOS_Example.framework */,
			);
			name = Frameworks;
			sourceTree = "<group>";
		};
		301439874D862E66956B69F9 /* Pods */ = {
			isa = PBXGroup;
			children = (
				3269085B1DD901A8692D9567 /* Pods-Tests.debug.xcconfig */,
				979ECDE376277ECE88BAE99D /* Pods-Tests.release.xcconfig */,
				74A097B46CE1893FF0F68753 /* Pods-iOS Example.debug.xcconfig */,
				21F45F5E3CBC996F47165915 /* Pods-iOS Example.release.xcconfig */,
			);
			name = Pods;
			sourceTree = "<group>";
		};
		D904BBC11CDD3F170083BD78 /* Tests */ = {
			isa = PBXGroup;
			children = (
				D904BBC21CDD3F170083BD78 /* Tests.swift */,
				D904BBC41CDD3F170083BD78 /* Info.plist */,
			);
			path = Tests;
			sourceTree = "<group>";
		};
		D94BE1B01CCEBF2C0042282A = {
			isa = PBXGroup;
			children = (
				D94BE1BB1CCEBF2C0042282A /* Source */,
				D904BBC11CDD3F170083BD78 /* Tests */,
				D94BE1BA1CCEBF2C0042282A /* Products */,
				D99B38FB1CD68FD900E56AE2 /* SidePanel.xcodeproj */,
				301439874D862E66956B69F9 /* Pods */,
				150085FEBD8A25341890F6E9 /* Frameworks */,
			);
			sourceTree = "<group>";
		};
		D94BE1BA1CCEBF2C0042282A /* Products */ = {
			isa = PBXGroup;
			children = (
				D94BE1B91CCEBF2C0042282A /* iOS Example.app */,
				D904BBC01CDD3F170083BD78 /* Tests.xctest */,
			);
			name = Products;
			sourceTree = "<group>";
		};
		D94BE1BB1CCEBF2C0042282A /* Source */ = {
			isa = PBXGroup;
			children = (
				10F4F7511D250346003713C3 /* AppDelegate.swift */,
				10F4F7521D250346003713C3 /* SideViewController.swift */,
				10F4F7531D250346003713C3 /* ViewController.swift */,
				10F4F7541D250346003713C3 /* ViewController2.swift */,
				10F4F74E1D2502DB003713C3 /* Main.storyboard */,
				D9CBAE961CCEC4ED006EC128 /* Launch Screen.storyboard */,
				D94BE1C01CCEBF2C0042282A /* Main.storyboard */,
				D94BE1C31CCEBF2C0042282A /* Assets.xcassets */,
				D94BE1C81CCEBF2C0042282A /* Info.plist */,
			);
			path = Source;
			sourceTree = "<group>";
		};
		D99B38FC1CD68FD900E56AE2 /* Products */ = {
			isa = PBXGroup;
			children = (
				D99B39011CD68FD900E56AE2 /* SidePanel.framework */,
				D99B39031CD68FD900E56AE2 /* PROJECTTests.xctest */,
			);
			name = Products;
			sourceTree = "<group>";
		};
/* End PBXGroup section */

/* Begin PBXNativeTarget section */
		D904BBBF1CDD3F170083BD78 /* Tests */ = {
			isa = PBXNativeTarget;
			buildConfigurationList = D904BBCA1CDD3F170083BD78 /* Build configuration list for PBXNativeTarget "Tests" */;
			buildPhases = (
				5CBC73D7CE6A287C705E0C9C /* [CP] Check Pods Manifest.lock */,
				D904BBBC1CDD3F170083BD78 /* Sources */,
				D904BBBD1CDD3F170083BD78 /* Frameworks */,
				D904BBBE1CDD3F170083BD78 /* Resources */,
				9380677D258BE8AED58D872D /* [CP] Embed Pods Frameworks */,
				4CDC068DCAA5930613142832 /* [CP] Copy Pods Resources */,
			);
			buildRules = (
			);
			dependencies = (
				D904BBC61CDD3F170083BD78 /* PBXTargetDependency */,
			);
			name = Tests;
			productName = Tests;
			productReference = D904BBC01CDD3F170083BD78 /* Tests.xctest */;
			productType = "com.apple.product-type.bundle.unit-test";
		};
		D94BE1B81CCEBF2C0042282A /* iOS Example */ = {
			isa = PBXNativeTarget;
			buildConfigurationList = D94BE1CB1CCEBF2C0042282A /* Build configuration list for PBXNativeTarget "iOS Example" */;
			buildPhases = (
				5473E113ED544A46E9687B3D /* [CP] Check Pods Manifest.lock */,
				D94BE1B51CCEBF2C0042282A /* Sources */,
				D94BE1B61CCEBF2C0042282A /* Frameworks */,
				D94BE1B71CCEBF2C0042282A /* Resources */,
				D99B39081CD6904E00E56AE2 /* Copy Frameworks */,
				71AB8A8334987013A1C819A1 /* [CP] Embed Pods Frameworks */,
				FC5652D3EB1465827CED0D4D /* [CP] Copy Pods Resources */,
			);
			buildRules = (
			);
			dependencies = (
				D99B39071CD6903C00E56AE2 /* PBXTargetDependency */,
			);
			name = "iOS Example";
			productName = "SidePanel iOS";
			productReference = D94BE1B91CCEBF2C0042282A /* iOS Example.app */;
			productType = "com.apple.product-type.application";
		};
/* End PBXNativeTarget section */

/* Begin PBXProject section */
		D94BE1B11CCEBF2C0042282A /* Project object */ = {
			isa = PBXProject;
			attributes = {
				LastSwiftUpdateCheck = 0730;
				LastUpgradeCheck = 0830;
				ORGANIZATIONNAME = "Dushyant Bansal";
				TargetAttributes = {
					D904BBBF1CDD3F170083BD78 = {
						CreatedOnToolsVersion = 7.3.1;
						LastSwiftMigration = 0830;
						TestTargetID = D94BE1B81CCEBF2C0042282A;
					};
					D94BE1B81CCEBF2C0042282A = {
						CreatedOnToolsVersion = 7.3;
						LastSwiftMigration = 0830;
					};
				};
			};
			buildConfigurationList = D94BE1B41CCEBF2C0042282A /* Build configuration list for PBXProject "iOS Example" */;
			compatibilityVersion = "Xcode 3.2";
			developmentRegion = English;
			hasScannedForEncodings = 0;
			knownRegions = (
				en,
				Base,
			);
			mainGroup = D94BE1B01CCEBF2C0042282A;
			productRefGroup = D94BE1BA1CCEBF2C0042282A /* Products */;
			projectDirPath = "";
			projectReferences = (
				{
					ProductGroup = D99B38FC1CD68FD900E56AE2 /* Products */;
					ProjectRef = D99B38FB1CD68FD900E56AE2 /* SidePanel.xcodeproj */;
				},
			);
			projectRoot = "";
			targets = (
				D94BE1B81CCEBF2C0042282A /* iOS Example */,
				D904BBBF1CDD3F170083BD78 /* Tests */,
			);
		};
/* End PBXProject section */

/* Begin PBXReferenceProxy section */
		D99B39011CD68FD900E56AE2 /* SidePanel.framework */ = {
			isa = PBXReferenceProxy;
			fileType = wrapper.framework;
			path = SidePanel.framework;
			remoteRef = D99B39001CD68FD900E56AE2 /* PBXContainerItemProxy */;
			sourceTree = BUILT_PRODUCTS_DIR;
		};
		D99B39031CD68FD900E56AE2 /* PROJECTTests.xctest */ = {
			isa = PBXReferenceProxy;
			fileType = wrapper.cfbundle;
			path = PROJECTTests.xctest;
			remoteRef = D99B39021CD68FD900E56AE2 /* PBXContainerItemProxy */;
			sourceTree = BUILT_PRODUCTS_DIR;
		};
/* End PBXReferenceProxy section */

/* Begin PBXResourcesBuildPhase section */
		D904BBBE1CDD3F170083BD78 /* Resources */ = {
			isa = PBXResourcesBuildPhase;
			buildActionMask = 2147483647;
			files = (
			);
			runOnlyForDeploymentPostprocessing = 0;
		};
		D94BE1B71CCEBF2C0042282A /* Resources */ = {
			isa = PBXResourcesBuildPhase;
			buildActionMask = 2147483647;
			files = (
				D9CBAE971CCEC4ED006EC128 /* Launch Screen.storyboard in Resources */,
				D94BE1C41CCEBF2C0042282A /* Assets.xcassets in Resources */,
				D94BE1C21CCEBF2C0042282A /* Main.storyboard in Resources */,
				10F4F74F1D2502DB003713C3 /* Main.storyboard in Resources */,
			);
			runOnlyForDeploymentPostprocessing = 0;
		};
/* End PBXResourcesBuildPhase section */

/* Begin PBXShellScriptBuildPhase section */
		4CDC068DCAA5930613142832 /* [CP] Copy Pods Resources */ = {
			isa = PBXShellScriptBuildPhase;
			buildActionMask = 2147483647;
			files = (
			);
			inputPaths = (
			);
			name = "[CP] Copy Pods Resources";
			outputPaths = (
			);
			runOnlyForDeploymentPostprocessing = 0;
			shellPath = /bin/sh;
			shellScript = "\"${SRCROOT}/Pods/Target Support Files/Pods-Tests/Pods-Tests-resources.sh\"\n";
			showEnvVarsInLog = 0;
		};
		5473E113ED544A46E9687B3D /* [CP] Check Pods Manifest.lock */ = {
			isa = PBXShellScriptBuildPhase;
			buildActionMask = 2147483647;
			files = (
			);
			inputPaths = (
				"${PODS_PODFILE_DIR_PATH}/Podfile.lock",
				"${PODS_ROOT}/Manifest.lock",
			);
			name = "[CP] Check Pods Manifest.lock";
			outputPaths = (
				"$(DERIVED_FILE_DIR)/Pods-iOS Example-checkManifestLockResult.txt",
			);
			runOnlyForDeploymentPostprocessing = 0;
			shellPath = /bin/sh;
			shellScript = "diff \"${PODS_PODFILE_DIR_PATH}/Podfile.lock\" \"${PODS_ROOT}/Manifest.lock\" > /dev/null\nif [ $? != 0 ] ; then\n    # print error to STDERR\n    echo \"error: The sandbox is not in sync with the Podfile.lock. Run 'pod install' or update your CocoaPods installation.\" >&2\n    exit 1\nfi\n# This output is used by Xcode 'outputs' to avoid re-running this script phase.\necho \"SUCCESS\" > \"${SCRIPT_OUTPUT_FILE_0}\"\n";
			showEnvVarsInLog = 0;
		};
		5CBC73D7CE6A287C705E0C9C /* [CP] Check Pods Manifest.lock */ = {
			isa = PBXShellScriptBuildPhase;
			buildActionMask = 2147483647;
			files = (
			);
			inputPaths = (
				"${PODS_PODFILE_DIR_PATH}/Podfile.lock",
				"${PODS_ROOT}/Manifest.lock",
			);
			name = "[CP] Check Pods Manifest.lock";
			outputPaths = (
				"$(DERIVED_FILE_DIR)/Pods-Tests-checkManifestLockResult.txt",
			);
			runOnlyForDeploymentPostprocessing = 0;
			shellPath = /bin/sh;
			shellScript = "diff \"${PODS_PODFILE_DIR_PATH}/Podfile.lock\" \"${PODS_ROOT}/Manifest.lock\" > /dev/null\nif [ $? != 0 ] ; then\n    # print error to STDERR\n    echo \"error: The sandbox is not in sync with the Podfile.lock. Run 'pod install' or update your CocoaPods installation.\" >&2\n    exit 1\nfi\n# This output is used by Xcode 'outputs' to avoid re-running this script phase.\necho \"SUCCESS\" > \"${SCRIPT_OUTPUT_FILE_0}\"\n";
			showEnvVarsInLog = 0;
		};
		71AB8A8334987013A1C819A1 /* [CP] Embed Pods Frameworks */ = {
			isa = PBXShellScriptBuildPhase;
			buildActionMask = 2147483647;
			files = (
			);
			inputPaths = (
				"${SRCROOT}/Pods/Target Support Files/Pods-iOS Example/Pods-iOS Example-frameworks.sh",
				"${BUILT_PRODUCTS_DIR}/SidePanel/SidePanel.framework",
			);
			name = "[CP] Embed Pods Frameworks";
			outputPaths = (
				"${TARGET_BUILD_DIR}/${FRAMEWORKS_FOLDER_PATH}/SidePanel.framework",
			);
			runOnlyForDeploymentPostprocessing = 0;
			shellPath = /bin/sh;
			shellScript = "\"${SRCROOT}/Pods/Target Support Files/Pods-iOS Example/Pods-iOS Example-frameworks.sh\"\n";
			showEnvVarsInLog = 0;
		};
		9380677D258BE8AED58D872D /* [CP] Embed Pods Frameworks */ = {
			isa = PBXShellScriptBuildPhase;
			buildActionMask = 2147483647;
			files = (
			);
			inputPaths = (
			);
			name = "[CP] Embed Pods Frameworks";
			outputPaths = (
			);
			runOnlyForDeploymentPostprocessing = 0;
			shellPath = /bin/sh;
			shellScript = "\"${SRCROOT}/Pods/Target Support Files/Pods-Tests/Pods-Tests-frameworks.sh\"\n";
			showEnvVarsInLog = 0;
		};
		FC5652D3EB1465827CED0D4D /* [CP] Copy Pods Resources */ = {
			isa = PBXShellScriptBuildPhase;
			buildActionMask = 2147483647;
			files = (
			);
			inputPaths = (
			);
			name = "[CP] Copy Pods Resources";
			outputPaths = (
			);
			runOnlyForDeploymentPostprocessing = 0;
			shellPath = /bin/sh;
			shellScript = "\"${SRCROOT}/Pods/Target Support Files/Pods-iOS Example/Pods-iOS Example-resources.sh\"\n";
			showEnvVarsInLog = 0;
		};
/* End PBXShellScriptBuildPhase section */

/* Begin PBXSourcesBuildPhase section */
		D904BBBC1CDD3F170083BD78 /* Sources */ = {
			isa = PBXSourcesBuildPhase;
			buildActionMask = 2147483647;
			files = (
				D904BBC31CDD3F170083BD78 /* Tests.swift in Sources */,
			);
			runOnlyForDeploymentPostprocessing = 0;
		};
		D94BE1B51CCEBF2C0042282A /* Sources */ = {
			isa = PBXSourcesBuildPhase;
			buildActionMask = 2147483647;
			files = (
				10F4F7571D250346003713C3 /* ViewController.swift in Sources */,
				10F4F7581D250346003713C3 /* ViewController2.swift in Sources */,
				10F4F7551D250346003713C3 /* AppDelegate.swift in Sources */,
				10F4F7561D250346003713C3 /* SideViewController.swift in Sources */,
			);
			runOnlyForDeploymentPostprocessing = 0;
		};
/* End PBXSourcesBuildPhase section */

/* Begin PBXTargetDependency section */
		D904BBC61CDD3F170083BD78 /* PBXTargetDependency */ = {
			isa = PBXTargetDependency;
			target = D94BE1B81CCEBF2C0042282A /* iOS Example */;
			targetProxy = D904BBC51CDD3F170083BD78 /* PBXContainerItemProxy */;
		};
		D99B39071CD6903C00E56AE2 /* PBXTargetDependency */ = {
			isa = PBXTargetDependency;
			name = SidePanel;
			targetProxy = D99B39061CD6903C00E56AE2 /* PBXContainerItemProxy */;
		};
/* End PBXTargetDependency section */

/* Begin PBXVariantGroup section */
		D94BE1C01CCEBF2C0042282A /* Main.storyboard */ = {
			isa = PBXVariantGroup;
			children = (
				D94BE1C11CCEBF2C0042282A /* Base */,
			);
			name = Main.storyboard;
			sourceTree = "<group>";
		};
/* End PBXVariantGroup section */

/* Begin XCBuildConfiguration section */
		D904BBC71CDD3F170083BD78 /* Debug */ = {
			isa = XCBuildConfiguration;
			baseConfigurationReference = 3269085B1DD901A8692D9567 /* Pods-Tests.debug.xcconfig */;
			buildSettings = {
				BUNDLE_LOADER = "$(TEST_HOST)";
				INFOPLIST_FILE = Tests/Info.plist;
				LD_RUNPATH_SEARCH_PATHS = "$(inherited) @executable_path/Frameworks @loader_path/Frameworks";
				PRODUCT_BUNDLE_IDENTIFIER = net.phor.Tests;
				PRODUCT_NAME = "$(TARGET_NAME)";
				SWIFT_VERSION = 3.0;
				TEST_HOST = "$(BUILT_PRODUCTS_DIR)/iOS Example.app/iOS Example";
			};
			name = Debug;
		};
		D904BBC81CDD3F170083BD78 /* Release */ = {
			isa = XCBuildConfiguration;
			baseConfigurationReference = 979ECDE376277ECE88BAE99D /* Pods-Tests.release.xcconfig */;
			buildSettings = {
				BUNDLE_LOADER = "$(TEST_HOST)";
				INFOPLIST_FILE = Tests/Info.plist;
				LD_RUNPATH_SEARCH_PATHS = "$(inherited) @executable_path/Frameworks @loader_path/Frameworks";
				PRODUCT_BUNDLE_IDENTIFIER = net.phor.Tests;
				PRODUCT_NAME = "$(TARGET_NAME)";
				SWIFT_VERSION = 3.0;
				TEST_HOST = "$(BUILT_PRODUCTS_DIR)/iOS Example.app/iOS Example";
			};
			name = Release;
		};
		D94BE1C91CCEBF2C0042282A /* Debug */ = {
			isa = XCBuildConfiguration;
			buildSettings = {
				ALWAYS_SEARCH_USER_PATHS = NO;
				CLANG_ANALYZER_NONNULL = YES;
				CLANG_CXX_LANGUAGE_STANDARD = "gnu++0x";
				CLANG_CXX_LIBRARY = "libc++";
				CLANG_ENABLE_MODULES = YES;
				CLANG_ENABLE_OBJC_ARC = YES;
				CLANG_WARN_BOOL_CONVERSION = YES;
				CLANG_WARN_CONSTANT_CONVERSION = YES;
				CLANG_WARN_DIRECT_OBJC_ISA_USAGE = YES_ERROR;
				CLANG_WARN_EMPTY_BODY = YES;
				CLANG_WARN_ENUM_CONVERSION = YES;
				CLANG_WARN_INFINITE_RECURSION = YES;
				CLANG_WARN_INT_CONVERSION = YES;
				CLANG_WARN_OBJC_ROOT_CLASS = YES_ERROR;
				CLANG_WARN_SUSPICIOUS_MOVE = YES;
				CLANG_WARN_UNREACHABLE_CODE = YES;
				CLANG_WARN__DUPLICATE_METHOD_MATCH = YES;
				"CODE_SIGN_IDENTITY[sdk=iphoneos*]" = "iPhone Developer";
				COPY_PHASE_STRIP = NO;
				DEBUG_INFORMATION_FORMAT = dwarf;
				ENABLE_STRICT_OBJC_MSGSEND = YES;
				ENABLE_TESTABILITY = YES;
				GCC_C_LANGUAGE_STANDARD = gnu99;
				GCC_DYNAMIC_NO_PIC = NO;
				GCC_NO_COMMON_BLOCKS = YES;
				GCC_OPTIMIZATION_LEVEL = 0;
				GCC_PREPROCESSOR_DEFINITIONS = (
					"DEBUG=1",
					"$(inherited)",
				);
				GCC_WARN_64_TO_32_BIT_CONVERSION = YES;
				GCC_WARN_ABOUT_RETURN_TYPE = YES_ERROR;
				GCC_WARN_UNDECLARED_SELECTOR = YES;
				GCC_WARN_UNINITIALIZED_AUTOS = YES_AGGRESSIVE;
				GCC_WARN_UNUSED_FUNCTION = YES;
				GCC_WARN_UNUSED_VARIABLE = YES;
				IPHONEOS_DEPLOYMENT_TARGET = 9.3;
				MTL_ENABLE_DEBUG_INFO = YES;
				ONLY_ACTIVE_ARCH = YES;
				SDKROOT = iphoneos;
				SWIFT_OPTIMIZATION_LEVEL = "-Onone";
				SWIFT_VERSION = 3.0;
				TARGETED_DEVICE_FAMILY = "1,2";
			};
			name = Debug;
		};
		D94BE1CA1CCEBF2C0042282A /* Release */ = {
			isa = XCBuildConfiguration;
			buildSettings = {
				ALWAYS_SEARCH_USER_PATHS = NO;
				CLANG_ANALYZER_NONNULL = YES;
				CLANG_CXX_LANGUAGE_STANDARD = "gnu++0x";
				CLANG_CXX_LIBRARY = "libc++";
				CLANG_ENABLE_MODULES = YES;
				CLANG_ENABLE_OBJC_ARC = YES;
				CLANG_WARN_BOOL_CONVERSION = YES;
				CLANG_WARN_CONSTANT_CONVERSION = YES;
				CLANG_WARN_DIRECT_OBJC_ISA_USAGE = YES_ERROR;
				CLANG_WARN_EMPTY_BODY = YES;
				CLANG_WARN_ENUM_CONVERSION = YES;
				CLANG_WARN_INFINITE_RECURSION = YES;
				CLANG_WARN_INT_CONVERSION = YES;
				CLANG_WARN_OBJC_ROOT_CLASS = YES_ERROR;
				CLANG_WARN_SUSPICIOUS_MOVE = YES;
				CLANG_WARN_UNREACHABLE_CODE = YES;
				CLANG_WARN__DUPLICATE_METHOD_MATCH = YES;
				"CODE_SIGN_IDENTITY[sdk=iphoneos*]" = "iPhone Developer";
				COPY_PHASE_STRIP = NO;
				DEBUG_INFORMATION_FORMAT = "dwarf-with-dsym";
				ENABLE_NS_ASSERTIONS = NO;
				ENABLE_STRICT_OBJC_MSGSEND = YES;
				GCC_C_LANGUAGE_STANDARD = gnu99;
				GCC_NO_COMMON_BLOCKS = YES;
				GCC_WARN_64_TO_32_BIT_CONVERSION = YES;
				GCC_WARN_ABOUT_RETURN_TYPE = YES_ERROR;
				GCC_WARN_UNDECLARED_SELECTOR = YES;
				GCC_WARN_UNINITIALIZED_AUTOS = YES_AGGRESSIVE;
				GCC_WARN_UNUSED_FUNCTION = YES;
				GCC_WARN_UNUSED_VARIABLE = YES;
				IPHONEOS_DEPLOYMENT_TARGET = 9.3;
				MTL_ENABLE_DEBUG_INFO = NO;
				SDKROOT = iphoneos;
				SWIFT_OPTIMIZATION_LEVEL = "-Owholemodule";
				SWIFT_VERSION = 3.0;
				TARGETED_DEVICE_FAMILY = "1,2";
				VALIDATE_PRODUCT = YES;
			};
			name = Release;
		};
		D94BE1CC1CCEBF2C0042282A /* Debug */ = {
			isa = XCBuildConfiguration;
			baseConfigurationReference = 74A097B46CE1893FF0F68753 /* Pods-iOS Example.debug.xcconfig */;
			buildSettings = {
				ALWAYS_EMBED_SWIFT_STANDARD_LIBRARIES = YES;
				ASSETCATALOG_COMPILER_APPICON_NAME = AppIcon;
				CLANG_ENABLE_MODULES = YES;
				DEVELOPMENT_TEAM = "";
				FRAMEWORK_SEARCH_PATHS = "$(inherited)";
				INFOPLIST_FILE = Source/Info.plist;
				LD_RUNPATH_SEARCH_PATHS = "$(inherited) @executable_path/Frameworks";
				PRODUCT_BUNDLE_IDENTIFIER = "net.phor.SidePanel.SidePanel-iOS";
				PRODUCT_NAME = "iOS Example";
				SWIFT_OPTIMIZATION_LEVEL = "-Onone";
				SWIFT_VERSION = 3.0;
			};
			name = Debug;
		};
		D94BE1CD1CCEBF2C0042282A /* Release */ = {
			isa = XCBuildConfiguration;
			baseConfigurationReference = 21F45F5E3CBC996F47165915 /* Pods-iOS Example.release.xcconfig */;
			buildSettings = {
				ALWAYS_EMBED_SWIFT_STANDARD_LIBRARIES = YES;
				ASSETCATALOG_COMPILER_APPICON_NAME = AppIcon;
				CLANG_ENABLE_MODULES = YES;
				DEVELOPMENT_TEAM = "";
				FRAMEWORK_SEARCH_PATHS = "$(inherited)";
				INFOPLIST_FILE = Source/Info.plist;
				LD_RUNPATH_SEARCH_PATHS = "$(inherited) @executable_path/Frameworks";
				PRODUCT_BUNDLE_IDENTIFIER = "net.phor.SidePanel.SidePanel-iOS";
				PRODUCT_NAME = "iOS Example";
				SWIFT_VERSION = 3.0;
			};
			name = Release;
		};
/* End XCBuildConfiguration section */

/* Begin XCConfigurationList section */
		D904BBCA1CDD3F170083BD78 /* Build configuration list for PBXNativeTarget "Tests" */ = {
			isa = XCConfigurationList;
			buildConfigurations = (
				D904BBC71CDD3F170083BD78 /* Debug */,
				D904BBC81CDD3F170083BD78 /* Release */,
			);
			defaultConfigurationIsVisible = 0;
			defaultConfigurationName = Release;
		};
		D94BE1B41CCEBF2C0042282A /* Build configuration list for PBXProject "iOS Example" */ = {
			isa = XCConfigurationList;
			buildConfigurations = (
				D94BE1C91CCEBF2C0042282A /* Debug */,
				D94BE1CA1CCEBF2C0042282A /* Release */,
			);
			defaultConfigurationIsVisible = 0;
			defaultConfigurationName = Release;
		};
		D94BE1CB1CCEBF2C0042282A /* Build configuration list for PBXNativeTarget "iOS Example" */ = {
			isa = XCConfigurationList;
			buildConfigurations = (
				D94BE1CC1CCEBF2C0042282A /* Debug */,
				D94BE1CD1CCEBF2C0042282A /* Release */,
			);
			defaultConfigurationIsVisible = 0;
			defaultConfigurationName = Release;
		};
/* End XCConfigurationList section */
	};
	rootObject = D94BE1B11CCEBF2C0042282A /* Project object */;
}
